
Microsoft Visual Studio Solution File, Format Version 12.00
# Visual Studio Version 17
VisualStudioVersion = 17.9.34622.214
MinimumVisualStudioVersion = 10.0.40219.1
Project("{FAE04EC0-301F-11D3-BF4B-00C04F79EFBC}") = "SQLDataAccess", "SQLDataAccess\SQLDataAccess.csproj", "{F296A5A5-C66C-4B01-A9C5-6A76932CBDC5}"
EndProject
Global
	GlobalSection(SolutionConfigurationPlatforms) = preSolution
		Debug|Any CPU = Debug|Any CPU
		Release|Any CPU = Release|Any CPU
	EndGlobalSection
	GlobalSection(ProjectConfigurationPlatforms) = postSolution
		{F296A5A5-C66C-4B01-A9C5-6A76932CBDC5}.Debug|Any CPU.ActiveCfg = Debug|Any CPU
		{F296A5A5-C66C-4B01-A9C5-6A76932CBDC5}.Debug|Any CPU.Build.0 = Debug|Any CPU
		{F296A5A5-C66C-4B01-A9C5-6A76932CBDC5}.Release|Any CPU.ActiveCfg = Release|Any CPU
		{F296A5A5-C66C-4B01-A9C5-6A76932CBDC5}.Release|Any CPU.Build.0 = Release|Any CPU
	EndGlobalSection
	GlobalSection(SolutionProperties) = preSolution
		HideSolutionNode = FALSE
	EndGlobalSection
	GlobalSection(ExtensibilityGlobals) = postSolution
		SolutionGuid = {32E92A1C-F940-4518-9DA4-6A416B9BACB4}
	EndGlobalSection
EndGlobal
